
Microsoft Visual Studio Solution File, Format Version 12.00
# Visual Studio Version 17
VisualStudioVersion = 17.9.34728.123
MinimumVisualStudioVersion = 10.0.40219.1
Project("{9A19103F-16F7-4668-BE54-9A1E7A4F7556}") = "Accounting", "Accounting\Accounting.csproj", "{FCA03957-21A2-43D5-8297-3F7630648EC2}"
EndProject
Global
	GlobalSection(SolutionConfigurationPlatforms) = preSolution
		Debug|Any CPU = Debug|Any CPU
		Release|Any CPU = Release|Any CPU
	EndGlobalSection
	GlobalSection(ProjectConfigurationPlatforms) = postSolution
		{FCA03957-21A2-43D5-8297-3F7630648EC2}.Debug|Any CPU.ActiveCfg = Debug|Any CPU
		{FCA03957-21A2-43D5-8297-3F7630648EC2}.Debug|Any CPU.Build.0 = Debug|Any CPU
		{FCA03957-21A2-43D5-8297-3F7630648EC2}.Release|Any CPU.ActiveCfg = Release|Any CPU
		{FCA03957-21A2-43D5-8297-3F7630648EC2}.Release|Any CPU.Build.0 = Release|Any CPU
	EndGlobalSection
	GlobalSection(SolutionProperties) = preSolution
		HideSolutionNode = FALSE
	EndGlobalSection
	GlobalSection(ExtensibilityGlobals) = postSolution
		SolutionGuid = {3438B956-A369-409B-A123-4293BC66A7F3}
	EndGlobalSection
EndGlobal
